
Microsoft Visual Studio Solution File, Format Version 11.00
# Visual Studio 2010
Project("{FAE04EC0-301F-11D3-BF4B-00C04F79EFBC}") = "MvcMusicStore", "MvcMusicStore\MvcMusicStore.csproj", "{C83FE52C-47DD-4433-B34E-9C9D72BBFFA1}"
EndProject
Project("{2150E333-8FDC-42A3-9474-1A3956D46DE8}") = "Solution Items", "Solution Items", "{1112BF40-200B-4180-B63E-50D758145293}"
	ProjectSection(SolutionItems) = preProject
		Breaking changes.txt = Breaking changes.txt
	EndProjectSection
EndProject
Project("{FAE04EC0-301F-11D3-BF4B-00C04F79EFBC}") = "MvcSiteMapProvider.Web", "MvcSiteMapProvider.Web\MvcSiteMapProvider.Web.csproj", "{CC1EEAAB-A031-4E4D-A18A-9FEB7BA5659A}"
EndProject
Project("{FAE04EC0-301F-11D3-BF4B-00C04F79EFBC}") = "MvcSiteMapProvider", "MvcSiteMapProvider\MvcSiteMapProvider.csproj", "{8625FB9C-BE71-41EF-993D-3C05EA11DEF4}"
EndProject
Global
	GlobalSection(SolutionConfigurationPlatforms) = preSolution
		Debug|Any CPU = Debug|Any CPU
		Release|Any CPU = Release|Any CPU
	EndGlobalSection
	GlobalSection(ProjectConfigurationPlatforms) = postSolution
		{C83FE52C-47DD-4433-B34E-9C9D72BBFFA1}.Debug|Any CPU.ActiveCfg = Debug|Any CPU
		{C83FE52C-47DD-4433-B34E-9C9D72BBFFA1}.Debug|Any CPU.Build.0 = Debug|Any CPU
		{C83FE52C-47DD-4433-B34E-9C9D72BBFFA1}.Release|Any CPU.ActiveCfg = Release|Any CPU
		{CC1EEAAB-A031-4E4D-A18A-9FEB7BA5659A}.Debug|Any CPU.ActiveCfg = Debug|Any CPU
		{CC1EEAAB-A031-4E4D-A18A-9FEB7BA5659A}.Debug|Any CPU.Build.0 = Debug|Any CPU
		{CC1EEAAB-A031-4E4D-A18A-9FEB7BA5659A}.Release|Any CPU.ActiveCfg = Release|Any CPU
		{CC1EEAAB-A031-4E4D-A18A-9FEB7BA5659A}.Release|Any CPU.Build.0 = Release|Any CPU
		{8625FB9C-BE71-41EF-993D-3C05EA11DEF4}.Debug|Any CPU.ActiveCfg = Debug|Any CPU
		{8625FB9C-BE71-41EF-993D-3C05EA11DEF4}.Debug|Any CPU.Build.0 = Debug|Any CPU
		{8625FB9C-BE71-41EF-993D-3C05EA11DEF4}.Release|Any CPU.ActiveCfg = Release|Any CPU
		{8625FB9C-BE71-41EF-993D-3C05EA11DEF4}.Release|Any CPU.Build.0 = Release|Any CPU
	EndGlobalSection
	GlobalSection(SolutionProperties) = preSolution
		HideSolutionNode = FALSE
	EndGlobalSection
EndGlobal
