
Microsoft Visual Studio Solution File, Format Version 12.00
# Visual Studio 2012
Project("{FAE04EC0-301F-11D3-BF4B-00C04F79EFBC}") = "MvcMusicStore", "MvcMusicStore\MvcMusicStore.csproj", "{C83FE52C-47DD-4433-B34E-9C9D72BBFFA1}"
EndProject
Project("{FAE04EC0-301F-11D3-BF4B-00C04F79EFBC}") = "MvcSiteMapProvider", "MvcSiteMapProvider\MvcSiteMapProvider.csproj", "{8625FB9C-BE71-41EF-993D-3C05EA11DEF4}"
EndProject
Project("{2150E333-8FDC-42A3-9474-1A3956D46DE8}") = ".nuget", ".nuget", "{4FD9FE39-3D16-4B09-9CA5-04E342CD7557}"
	ProjectSection(SolutionItems) = preProject
		.nuget\NuGet.Config = .nuget\NuGet.Config
		.nuget\NuGet.exe = .nuget\NuGet.exe
		.nuget\NuGet.targets = .nuget\NuGet.targets
	EndProjectSection
EndProject
Global
	GlobalSection(SolutionConfigurationPlatforms) = preSolution
		Debug|Any CPU = Debug|Any CPU
		Release|Any CPU = Release|Any CPU
	EndGlobalSection
	GlobalSection(ProjectConfigurationPlatforms) = postSolution
		{C83FE52C-47DD-4433-B34E-9C9D72BBFFA1}.Debug|Any CPU.ActiveCfg = Debug|Any CPU
		{C83FE52C-47DD-4433-B34E-9C9D72BBFFA1}.Debug|Any CPU.Build.0 = Debug|Any CPU
		{C83FE52C-47DD-4433-B34E-9C9D72BBFFA1}.Release|Any CPU.ActiveCfg = Release|Any CPU
		{8625FB9C-BE71-41EF-993D-3C05EA11DEF4}.Debug|Any CPU.ActiveCfg = Debug|Any CPU
		{8625FB9C-BE71-41EF-993D-3C05EA11DEF4}.Debug|Any CPU.Build.0 = Debug|Any CPU
		{8625FB9C-BE71-41EF-993D-3C05EA11DEF4}.Release|Any CPU.ActiveCfg = Release|Any CPU
		{8625FB9C-BE71-41EF-993D-3C05EA11DEF4}.Release|Any CPU.Build.0 = Release|Any CPU
	EndGlobalSection
	GlobalSection(SolutionProperties) = preSolution
		HideSolutionNode = FALSE
	EndGlobalSection
EndGlobal
